Microsoft Visual Studio Solution File, Format Version 12.00
# Visual Studio Version 17
VisualStudioVersion = 17.5.2.0
MinimumVisualStudioVersion = 10.0.40219.1
Project("{FAE04EC0-301F-11D3-BF4B-00C04F79EFBC}") = "speech-recognition", "voice-service\speech-recognition.csproj", "{3FD266EE-27B8-F330-81B1-B32715348A24}"
EndProject
Global
	GlobalSection(SolutionConfigurationPlatforms) = preSolution
		Debug|Any CPU = Debug|Any CPU
		Release|Any CPU = Release|Any CPU
	EndGlobalSection
	GlobalSection(ProjectConfigurationPlatforms) = postSolution
		{3FD266EE-27B8-F330-81B1-B32715348A24}.Debug|Any CPU.ActiveCfg = Debug|Any CPU
		{3FD266EE-27B8-F330-81B1-B32715348A24}.Debug|Any CPU.Build.0 = Debug|Any CPU
		{3FD266EE-27B8-F330-81B1-B32715348A24}.Release|Any CPU.ActiveCfg = Release|Any CPU
		{3FD266EE-27B8-F330-81B1-B32715348A24}.Release|Any CPU.Build.0 = Release|Any CPU
	EndGlobalSection
	GlobalSection(SolutionProperties) = preSolution
		HideSolutionNode = FALSE
	EndGlobalSection
	GlobalSection(ExtensibilityGlobals) = postSolution
		SolutionGuid = {9530F2BD-B231-4007-A740-8DA1CC9D8471}
	EndGlobalSection
EndGlobal
